{
  "lockfileVersion": 1,
  "workspaces": {
    "": {
      "name": "jmux",
      "dependencies": {
        "@xterm/addon-unicode-graphemes": "^0.4.0",
        "@xterm/headless": "^6.0.0",
        "bun-pty": "^0.4.8",
      },
      "devDependencies": {
        "@types/bun": "latest",
        "typescript": "^5.7.0",
      },
    },
  },
  "packages": {
    "@types/bun": ["@types/bun@1.3.11", "", { "dependencies": { "bun-types": "1.3.11" } }, "sha512-5vPne5QvtpjGpsGYXiFyycfpDF2ECyPcTSsFBMa0fraoxiQyMJ3SmuQIGhzPg2WJuWxVBoxWJ2kClYTcw/4fAg=="],

    "@types/node": ["@types/node@25.5.0", "", { "dependencies": { "undici-types": "~7.18.0" } }, "sha512-jp2P3tQMSxWugkCUKLRPVUpGaL5MVFwF8RDuSRztfwgN1wmqJeMSbKlnEtQqU8UrhTmzEmZdu2I6v2dpp7XIxw=="],

    "@xterm/addon-unicode-graphemes": ["@xterm/addon-unicode-graphemes@0.4.0", "", {}, "sha512-9+/CqwbKcnlkJU4d3wIgO+wjsL8f6vyz+UwUWLu6nADQz8Gr8ONqGCJfdDjIdI+yYZLABQqQy47FzEM6AWELjw=="],

    "@xterm/headless": ["@xterm/headless@6.0.0", "", {}, "sha512-5Yj1QINYCyzrZtf8OFIHi47iQtI+0qYFPHmouEfG8dHNxbZ9Tb9YGSuLcsEwj9Z+OL75GJqPyJbyoFer80a2Hw=="],

    "bun-pty": ["bun-pty@0.4.8", "", {}, "sha512-rO70Mrbr13+jxHHHu2YBkk2pNqrJE5cJn29WE++PUr+GFA0hq/VgtQPZANJ8dJo6d7XImvBk37Innt8GM7O28w=="],

    "bun-types": ["bun-types@1.3.11", "", { "dependencies": { "@types/node": "*" } }, "sha512-1KGPpoxQWl9f6wcZh57LvrPIInQMn2TQ7jsgxqpRzg+l0QPOFvJVH7HmvHo/AiPgwXy+/Thf6Ov3EdVn1vOabg=="],

    "typescript": ["typescript@5.9.3", "", { "bin": { "tsc": "bin/tsc", "tsserver": "bin/tsserver" } }, "sha512-jl1vZzPDinLr9eUt3J/t7V6FgNEw9QjvBPdysz9KfQDD41fQrC2Y4vKQdiaUpFT4bXlb1RHhLpp8wtm6M5TgSw=="],

    "undici-types": ["undici-types@7.18.2", "", {}, "sha512-AsuCzffGHJybSaRrmr5eHr81mwJU3kjw6M+uprWvCXiNeN9SOGwQ3Jn8jb8m3Z6izVgknn1R0FTCEAP2QrLY/w=="],
  }
}
